
Microsoft Visual Studio Solution File, Format Version 12.00
# Visual Studio Version 17
VisualStudioVersion = 17.1.32228.430
MinimumVisualStudioVersion = 10.0.40219.1
Project("{FAE04EC0-301F-11D3-BF4B-00C04F79EFBC}") = "DocxTester", "DocxTester\DocxTester.csproj", "{E70F3700-F166-43BE-BD16-35E05F19A562}"
EndProject
Project("{9A19103F-16F7-4668-BE54-9A1E7A4F7556}") = "USFMToolsSharp.Renderers.Docx", "..\..\repos\USFMToolsSharp.Renderers.Docx\USFMToolsSharp.Renderers.Docx\USFMToolsSharp.Renderers.Docx.csproj", "{252B4181-92DD-4C34-B3FD-3BFBFEAC55C2}"
EndProject
Global
	GlobalSection(SolutionConfigurationPlatforms) = preSolution
		Debug|Any CPU = Debug|Any CPU
		Release|Any CPU = Release|Any CPU
	EndGlobalSection
	GlobalSection(ProjectConfigurationPlatforms) = postSolution
		{E70F3700-F166-43BE-BD16-35E05F19A562}.Debug|Any CPU.ActiveCfg = Debug|Any CPU
		{E70F3700-F166-43BE-BD16-35E05F19A562}.Debug|Any CPU.Build.0 = Debug|Any CPU
		{E70F3700-F166-43BE-BD16-35E05F19A562}.Release|Any CPU.ActiveCfg = Release|Any CPU
		{E70F3700-F166-43BE-BD16-35E05F19A562}.Release|Any CPU.Build.0 = Release|Any CPU
		{252B4181-92DD-4C34-B3FD-3BFBFEAC55C2}.Debug|Any CPU.ActiveCfg = Debug|Any CPU
		{252B4181-92DD-4C34-B3FD-3BFBFEAC55C2}.Debug|Any CPU.Build.0 = Debug|Any CPU
		{252B4181-92DD-4C34-B3FD-3BFBFEAC55C2}.Release|Any CPU.ActiveCfg = Release|Any CPU
		{252B4181-92DD-4C34-B3FD-3BFBFEAC55C2}.Release|Any CPU.Build.0 = Release|Any CPU
	EndGlobalSection
	GlobalSection(SolutionProperties) = preSolution
		HideSolutionNode = FALSE
	EndGlobalSection
	GlobalSection(ExtensibilityGlobals) = postSolution
		SolutionGuid = {45F38ADC-FD4E-4C90-A62E-5065C6248711}
	EndGlobalSection
EndGlobal
